dependencies:
  espp/as5600:
    component_hash: 5746160b6fd34f8208b31889403e9435551130a638720fc4ad3c55517a4a8756
    dependencies:
    - name: espp/base_peripheral
      registry_url: https://components.espressif.com
      require: private
      version: '>=1.0'
    - name: espp/task
      registry_url: https://components.espressif.com
      require: private
      version: '>=1.0'
    - name: idf
      require: private
      version: '>=5.0'
    source:
      registry_url: https://components.espressif.com/
      type: service
    version: 1.0.30
  espp/base_component:
    component_hash: 4eb622f2705843fc76215d51d834ee7297522e883378e706a998d4fa6e49f231
    dependencies:
    - name: espp/logger
      registry_url: https://components.espressif.com
      require: private
      version: '>=1.0'
    - name: idf
      require: private
      version: '>=5.0'
    source:
      registry_url: https://components.espressif.com
      type: service
    version: 1.0.30
  espp/base_peripheral:
    component_hash: d852ab634677571e03f7ab3e871260601c33d46b00c59c56f1361a764734fff6
    dependencies:
    - name: espp/base_component
      registry_url: https://components.espressif.com
      require: private
      version: '>=1.0'
    - name: idf
      require: private
      version: '>=5.0'
    source:
      registry_url: https://components.espressif.com
      type: service
    version: 1.0.30
  espp/cli:
    component_hash: 3578f0bdeef0074284aee15d2dc3f3f6d8a36cd198d0c6e39a8c6cc9ebe3203e
    dependencies:
    - name: espp/logger
      registry_url: https://components.espressif.com
      require: private
      version: '>=1.0'
    - name: idf
      require: private
      version: '>=5.0'
    source:
      registry_url: https://components.espressif.com
      type: service
    version: 1.0.30
  espp/filters:
    component_hash: 4a1fcc942298babc57c12918237e7058658ac31af708fb214e3fea4682561809
    dependencies:
    - name: espp/format
      registry_url: https://components.espressif.com
      require: private
      version: '>=1.0'
    - name: espp/math
      registry_url: https://components.espressif.com
      require: private
      version: '>=1.0'
    - name: espressif/esp-dsp
      registry_url: https://components.espressif.com
      require: private
      version: '>=1.6.4'
    - name: idf
      require: private
      version: '>=5.0'
    source:
      registry_url: https://components.espressif.com/
      type: service
    version: 1.0.30
  espp/format:
    component_hash: a36e56d8620d28997f37a41f005bd0af70ccf025f38320738f148e2c9579f2f1
    dependencies:
    - name: idf
      require: private
      version: '>=5.0'
    source:
      registry_url: https://components.espressif.com
      type: service
    version: 1.0.30
  espp/i2c:
    component_hash: 3a2b9d4724627cacf0fd7311ceeb1a54e52dadb555664fb4d110262bee760730
    dependencies:
    - name: espp/base_component
      registry_url: https://components.espressif.com
      require: private
      version: '>=1.0'
    - name: espp/cli
      registry_url: https://components.espressif.com
      require: private
      version: '>=1.0'
    - name: espp/task
      registry_url: https://components.espressif.com
      require: private
      version: '>=1.0'
    - name: idf
      require: private
      version: '>=5.0'
    source:
      registry_url: https://components.espressif.com/
      type: service
    version: 1.0.30
  espp/logger:
    component_hash: 8e6fc4cb3ff9feabd726a5c6fa6465b3fafc704b7c8b283232f9bf98fa517bd8
    dependencies:
    - name: espp/format
      registry_url: https://components.espressif.com
      require: private
      version: '>=1.0'
    - name: idf
      require: private
      version: '>=5.0'
    source:
      registry_url: https://components.espressif.com
      type: service
    version: 1.0.30
  espp/math:
    component_hash: 9fff8c6bcf2db4a715272a211a7f39738f36cad4f7bba90d03ef86429bce7fd8
    dependencies:
    - name: espp/format
      registry_url: https://components.espressif.com
      require: private
      version: '>=1.0'
    - name: idf
      require: private
      version: '>=5.0'
    source:
      registry_url: https://components.espressif.com
      type: service
    version: 1.0.30
  espp/task:
    component_hash: cd70ed978a323cd53b25862fc9b00a01eedaff32fbca8e422ae3ea921591d4c7
    dependencies:
    - name: espp/base_component
      registry_url: https://components.espressif.com
      require: private
      version: '>=1.0'
    - name: idf
      require: private
      version: '>=5.0'
    source:
      registry_url: https://components.espressif.com
      type: service
    version: 1.0.30
  espressif/esp-dsp:
    component_hash: 42dce32d46ac93dc11f60d368e29a830e9661c7345d794b8a45c343479cae636
    dependencies:
    - name: idf
      require: private
      version: '>=4.2'
    source:
      registry_url: https://components.espressif.com
      type: service
    version: 1.7.0
  idf:
    source:
      type: idf
    version: 5.5.1
direct_dependencies:
- espp/as5600
- espp/filters
- espp/i2c
- idf
manifest_hash: 8c9211fdcc63a801f175a2cb01184f745a68ca0434867dd98d02b6d5eece4292
target: esp32
version: 2.0.0
